{
  "version": "2",
  "remote": {
    "https://deno.land/std@0.122.0/_util/assert.ts": "2f868145a042a11d5ad0a3c748dcf580add8a0dbc0e876eaa0026303a5488f58",
    "https://deno.land/std@0.122.0/_util/os.ts": "dfb186cc4e968c770ab6cc3288bd65f4871be03b93beecae57d657232ecffcac",
    "https://deno.land/std@0.122.0/bytes/bytes_list.ts": "3bff6a09c72b2e0b1e92e29bd3b135053894196cca07a2bba842901073efe5cb",
    "https://deno.land/std@0.122.0/bytes/equals.ts": "69f55fdbd45c71f920c1a621e6c0865dc780cd8ae34e0f5e55a9497b70c31c1b",
    "https://deno.land/std@0.122.0/bytes/mod.ts": "fedb80b8da2e7ad8dd251148e65f92a04c73d6c5a430b7d197dc39588c8dda6f",
    "https://deno.land/std@0.122.0/encoding/base64.ts": "0b58bd6477214838bf711eef43eac21e47ba9e5c81b2ce185fe25d9ecab3ebb3",
    "https://deno.land/std@0.122.0/fmt/colors.ts": "8368ddf2d48dfe413ffd04cdbb7ae6a1009cf0dccc9c7ff1d76259d9c61a0621",
    "https://deno.land/std@0.122.0/http/http_status.ts": "2ff185827bff21c7be2807fcb09a6a2166464ba57fcd94afe805abab8e09070a",
    "https://deno.land/std@0.122.0/io/buffer.ts": "8f10342821b81990acf859cdccb4e4031c7c9187a0ffc3ed6b356ee29ecc6681",
    "https://deno.land/std@0.122.0/io/files.ts": "8794bf6014e6f3183fc5433926dfef4a50eb8d3ec3b6736ebb4277e5f0ce3420",
    "https://deno.land/std@0.122.0/io/readers.ts": "17403919724fef2f343c88555606368868a5c752a1099ad801f6a381c170f62d",
    "https://deno.land/std@0.122.0/io/types.d.ts": "89a27569399d380246ca7cdd9e14d5e68459f11fb6110790cc5ecbd4ee7f3215",
    "https://deno.land/std@0.122.0/io/util.ts": "96409103aa87b0eb0ddc494666a3514a6e969a1a3e7f69e100115ab7a1f532fb",
    "https://deno.land/std@0.122.0/path/_constants.ts": "1247fee4a79b70c89f23499691ef169b41b6ccf01887a0abd131009c5581b853",
    "https://deno.land/std@0.122.0/path/_interface.ts": "1fa73b02aaa24867e481a48492b44f2598cd9dfa513c7b34001437007d3642e4",
    "https://deno.land/std@0.122.0/path/_util.ts": "2e06a3b9e79beaf62687196bd4b60a4c391d862cfa007a20fc3a39f778ba073b",
    "https://deno.land/std@0.122.0/path/common.ts": "f41a38a0719a1e85aa11c6ba3bea5e37c15dd009d705bd8873f94c833568cbc4",
    "https://deno.land/std@0.122.0/path/glob.ts": "7bf2349e818e332a830f3d8874c3f45dd7580b6c742ed50dbf6282d84ab18405",
    "https://deno.land/std@0.122.0/path/mod.ts": "4465dc494f271b02569edbb4a18d727063b5dbd6ed84283ff906260970a15d12",
    "https://deno.land/std@0.122.0/path/posix.ts": "34349174b9cd121625a2810837a82dd8b986bbaaad5ade690d1de75bbb4555b2",
    "https://deno.land/std@0.122.0/path/separator.ts": "8fdcf289b1b76fd726a508f57d3370ca029ae6976fcde5044007f062e643ff1c",
    "https://deno.land/std@0.122.0/path/win32.ts": "11549e8c6df8307a8efcfa47ad7b2a75da743eac7d4c89c9723a944661c8bd2e",
    "https://deno.land/std@0.122.0/streams/conversion.ts": "7ff9af42540063fa72003ab31a377ba9dde8532d43b16329b933c37a6d7aac5f",
    "https://deno.land/std@0.122.0/testing/_diff.ts": "e6a10d2aca8d6c27a9c5b8a2dbbf64353874730af539707b5b39d4128140642d",
    "https://deno.land/std@0.122.0/testing/asserts.ts": "e1e7325b449cc9c747c309690b22d8cf464e401f79f494ddb106e4842fdb4dda",
    "https://deno.land/std@0.177.0/datetime/_common.ts": "f5c1cb784c616151a3d8198a4ab29f65b7fe5c20a105d8979bde9558c7b52910",
    "https://deno.land/std@0.177.0/datetime/constants.ts": "0e91a7019814e6df5ebb710b09aceb79f52cbc618bb06b34431f4f8b89d79505",
    "https://deno.land/std@0.177.0/datetime/day_of_year.ts": "f9b9c8f1958e843fa072510fbb36e455431a3cc74ab8f39757bd0a59f4aaad10",
    "https://deno.land/std@0.177.0/datetime/difference.ts": "556a5edb807f36f0ca334f235180650ccf05dfeb94aa2573642ef20314ef101c",
    "https://deno.land/std@0.177.0/datetime/format.ts": "416807ca1971c5432bfa7d1e429b7c6360cb81fee598e8510dde6e7b0e819a57",
    "https://deno.land/std@0.177.0/datetime/is_leap.ts": "cc74a158e029ffe1dfcbdd911107a6de428ee64585b1071d8fd4e1a997670d30",
    "https://deno.land/std@0.177.0/datetime/mod.ts": "858d0d695b3a391a9c5faa561e46813e346feaef65bd6ddadb7ee2e65ac4e5a8",
    "https://deno.land/std@0.177.0/datetime/parse.ts": "b0af5e272382e516f34dddf9dd1eda31f1197bdf8ee2ff7d93505073e97bd76b",
    "https://deno.land/std@0.177.0/datetime/to_imf.ts": "851d072a1c86c7ec34c753e61b1951ceda50c9da805b170a0ecaea3b024dd266",
    "https://deno.land/std@0.177.0/datetime/week_of_year.ts": "00ce4203f1efc69e2c0902ff4a4451a49d8a87a561e941b692f3b5f056f1f441",
    "https://deno.land/std@0.178.0/_util/asserts.ts": "178dfc49a464aee693a7e285567b3d0b555dc805ff490505a8aae34f9cfb1462",
    "https://deno.land/std@0.178.0/_util/os.ts": "d932f56d41e4f6a6093d56044e29ce637f8dcc43c5a90af43504a889cf1775e3",
    "https://deno.land/std@0.178.0/async/deferred.ts": "42790112f36a75a57db4a96d33974a936deb7b04d25c6084a9fa8a49f135def8",
    "https://deno.land/std@0.178.0/bytes/bytes_list.ts": "b4cbdfd2c263a13e8a904b12d082f6177ea97d9297274a4be134e989450dfa6a",
    "https://deno.land/std@0.178.0/bytes/concat.ts": "d26d6f3d7922e6d663dacfcd357563b7bf4a380ce5b9c2bbe0c8586662f25ce2",
    "https://deno.land/std@0.178.0/bytes/copy.ts": "939d89e302a9761dcf1d9c937c7711174ed74c59eef40a1e4569a05c9de88219",
    "https://deno.land/std@0.178.0/bytes/ends_with.ts": "4228811ebc71615d27f065c54b5e815ec1972538772b0f413c0efe05245b472e",
    "https://deno.land/std@0.178.0/bytes/equals.ts": "b87494ce5442dc786db46f91378100028c402f83a14a2f7bbff6bda7810aefe3",
    "https://deno.land/std@0.178.0/bytes/includes_needle.ts": "76a8163126fb2f8bf86fd7f22192c3bb04bf6a20b987a095127c2ca08adf3ba6",
    "https://deno.land/std@0.178.0/bytes/index_of_needle.ts": "65c939607df609374c4415598fa4dad04a2f14c4d98cd15775216f0aaf597f24",
    "https://deno.land/std@0.178.0/bytes/last_index_of_needle.ts": "7181072883cb4908c6ce8f7a5bb1d96787eef2c2ab3aa94fe4268ab326a53cbf",
    "https://deno.land/std@0.178.0/bytes/mod.ts": "e869bba1e7a2e3a9cc6c2d55471888429a544e70a840c087672e656e7ba21815",
    "https://deno.land/std@0.178.0/bytes/repeat.ts": "6f5e490d8d72bcbf8d84a6bb04690b9b3eb5822c5a11687bca73a2318a842294",
    "https://deno.land/std@0.178.0/bytes/starts_with.ts": "3e607a70c9c09f5140b7a7f17a695221abcc7244d20af3eb47ccbb63f5885135",
    "https://deno.land/std@0.178.0/crypto/timing_safe_equal.ts": "29a3e05afa48277ab4d9588c0b61f4afe542529302af180c866a4f2a09524169",
    "https://deno.land/std@0.178.0/encoding/base64.ts": "7de04c2f8aeeb41453b09b186480be90f2ff357613b988e99fabb91d2eeceba1",
    "https://deno.land/std@0.178.0/http/_negotiation/common.ts": "14d1a52427ab258a4b7161cd80e1d8a207b7cc64b46e911780f57ead5f4323c6",
    "https://deno.land/std@0.178.0/http/_negotiation/encoding.ts": "ff747d107277c88cb7a6a62a08eeb8d56dad91564cbcccb30694d5dc126dcc53",
    "https://deno.land/std@0.178.0/http/_negotiation/language.ts": "7bcddd8db3330bdb7ce4fc00a213c5547c1968139864201efd67ef2d0d51887d",
    "https://deno.land/std@0.178.0/http/_negotiation/media_type.ts": "58847517cd549384ad677c0fe89e0a4815be36fe7a303ea63cee5f6a1d7e1692",
    "https://deno.land/std@0.178.0/http/http_errors.ts": "57169d9bdf4cda1982a3742693c146ab1bf2cbc88df003b40ac905a30013d4cb",
    "https://deno.land/std@0.178.0/http/http_status.ts": "8a7bcfe3ac025199ad804075385e57f63d055b2aed539d943ccc277616d6f932",
    "https://deno.land/std@0.178.0/http/negotiation.ts": "32761c921afa7847cf767fe81c81785721abccc0db0fc51c7ec2a45868b4ee4a",
    "https://deno.land/std@0.178.0/io/buf_reader.ts": "90a7adcb3638d8e1361695cdf844d58bcd97c41711dc6f9f8acc0626ebe097f5",
    "https://deno.land/std@0.178.0/io/buf_writer.ts": "2fcaadd9f157970fede6e79c8ea9a58556d8cf3c8a686c3fcaaf3875460092cc",
    "https://deno.land/std@0.178.0/io/buffer.ts": "e2b7564f684dad625cab08f5106f33572d325705d19a36822b3272fbdfb8f726",
    "https://deno.land/std@0.178.0/io/copy_n.ts": "c498021ce291576a68b5bae9f9d3a27f97644f4af6c1047fb1cff054af19e436",
    "https://deno.land/std@0.178.0/io/limited_reader.ts": "d709b5b3113d4cbf934415ba242596e0ecb130e8868fb47197217e09dbb59558",
    "https://deno.land/std@0.178.0/io/mod.ts": "2665bcccc1fd6e8627cca167c3e92aaecbd9897556b6f69e6d258070ef63fd9b",
    "https://deno.land/std@0.178.0/io/multi_reader.ts": "5f7ef6e987486322b38c72e206b8fbc8916d55a87fbcdc97a8b2596386c28d44",
    "https://deno.land/std@0.178.0/io/read_delim.ts": "7e102c66f00a118fa1e1ccd4abb080496f43766686907fd8b9522fdf85443586",
    "https://deno.land/std@0.178.0/io/read_int.ts": "7cb8bcdfaf1107586c3bacc583d11c64c060196cb070bb13ae8c2061404f911f",
    "https://deno.land/std@0.178.0/io/read_lines.ts": "baee9e35034f2fdfccf63bc24b7e3cb45aa1c1c5de26d178f7bcbc572e87772f",
    "https://deno.land/std@0.178.0/io/read_long.ts": "f0aaa420e3da1261c5d33c5e729f09922f3d9fa49f046258d4ff7a00d800c71e",
    "https://deno.land/std@0.178.0/io/read_range.ts": "28152daf32e43dd9f7d41d8466852b0d18ad766cd5c4334c91fef6e1b3a74eb5",
    "https://deno.land/std@0.178.0/io/read_short.ts": "805cb329574b850b84bf14a92c052c59b5977a492cd780c41df8ad40826c1a20",
    "https://deno.land/std@0.178.0/io/read_string_delim.ts": "46eb0c9db3547caf8c759631effa200bbe48924f9b34f41edc627bde36cee52d",
    "https://deno.land/std@0.178.0/io/slice_long_to_bytes.ts": "b096472afa3a0dd90fa84584dde7706ed29fc16d48009a581c49368f09fe70f4",
    "https://deno.land/std@0.178.0/io/string_reader.ts": "ad9cbecb8509732afcf3d73bb72fa551ec0ccc34f9b8127826247f0190753a65",
    "https://deno.land/std@0.178.0/io/string_writer.ts": "8a03c5858c24965a54c6538bed15f32a7c72f5704a12bda56f83a40e28e5433e",
    "https://deno.land/std@0.178.0/media_types/_db.ts": "7606d83e31f23ce1a7968cbaee852810c2cf477903a095696cdc62eaab7ce570",
    "https://deno.land/std@0.178.0/media_types/_util.ts": "916efbd30b6148a716f110e67a4db29d6949bf4048997b754415dd7e42c52378",
    "https://deno.land/std@0.178.0/media_types/content_type.ts": "c682589a0aeb016bfed355cc1ed6fbb3ead2ea48fc0000ac5de6a5730613ad1c",
    "https://deno.land/std@0.178.0/media_types/extension.ts": "7a4ef2813d7182f724a941f38161525996e4a67abc3cf6a0f9bc2168d73a0f0e",
    "https://deno.land/std@0.178.0/media_types/extensions_by_type.ts": "4358023feac696e6e9d49c0f1e76a859f03ca254df57812f31f8536890c3a443",
    "https://deno.land/std@0.178.0/media_types/format_media_type.ts": "1e35e16562e5c417401ffc388a9f8f421f97f0ee06259cbe990c51bae4e6c7a8",
    "https://deno.land/std@0.178.0/media_types/get_charset.ts": "8be15a1fd31a545736b91ace56d0e4c66ea0d7b3fdc5c90760e8202e7b4b1fad",
    "https://deno.land/std@0.178.0/media_types/mod.ts": "d3f0b99f85053bc0b98ecc24eaa3546dfa09b856dc0bbaf60d8956d2cdd710c8",
    "https://deno.land/std@0.178.0/media_types/parse_media_type.ts": "bed260d868ea271445ae41d748e7afed9b5a7f407d2777ead08cecf73e9278de",
    "https://deno.land/std@0.178.0/media_types/type_by_extension.ts": "6076a7fc63181d70f92ec582fdea2c927eb2cfc7f9c9bee9d6add2aca86f2355",
    "https://deno.land/std@0.178.0/media_types/vendor/mime-db.v1.52.0.ts": "6925bbcae81ca37241e3f55908d0505724358cda3384eaea707773b2c7e99586",
    "https://deno.land/std@0.178.0/path/_constants.ts": "e49961f6f4f48039c0dfed3c3f93e963ca3d92791c9d478ac5b43183413136e0",
    "https://deno.land/std@0.178.0/path/_interface.ts": "6471159dfbbc357e03882c2266d21ef9afdb1e4aa771b0545e90db58a0ba314b",
    "https://deno.land/std@0.178.0/path/_util.ts": "d7abb1e0dea065f427b89156e28cdeb32b045870acdf865833ba808a73b576d0",
    "https://deno.land/std@0.178.0/path/common.ts": "ee7505ab01fd22de3963b64e46cff31f40de34f9f8de1fff6a1bd2fe79380000",
    "https://deno.land/std@0.178.0/path/glob.ts": "d479e0a695621c94d3fd7fe7abd4f9499caf32a8de13f25073451c6ef420a4e1",
    "https://deno.land/std@0.178.0/path/mod.ts": "4b83694ac500d7d31b0cdafc927080a53dc0c3027eb2895790fb155082b0d232",
    "https://deno.land/std@0.178.0/path/posix.ts": "8b7c67ac338714b30c816079303d0285dd24af6b284f7ad63da5b27372a2c94d",
    "https://deno.land/std@0.178.0/path/separator.ts": "0fb679739d0d1d7bf45b68dacfb4ec7563597a902edbaf3c59b50d5bcadd93b1",
    "https://deno.land/std@0.178.0/path/win32.ts": "d186344e5583bcbf8b18af416d13d82b35a317116e6460a5a3953508c3de5bba",
    "https://deno.land/std@0.178.0/streams/_common.ts": "f45cba84f0d813de3326466095539602364a9ba521f804cc758f7a475cda692d",
    "https://deno.land/std@0.178.0/streams/buffer.ts": "7e7676c29e0e72f6821c3b5fede2540886a216bb91c849bb5db20bb82a01d8a1",
    "https://deno.land/std@0.178.0/streams/byte_slice_stream.ts": "cf5785b0d9223ebb51fcf6679d881dfaf614c3b288fb4577b511b6f7801a01aa",
    "https://deno.land/std@0.178.0/streams/copy.ts": "de0de21701d8cceba84ca01d9731c77f4b3597bb9de6a1b08f32250353feeae8",
    "https://deno.land/std@0.178.0/streams/delimiter_stream.ts": "de8f822a1c394cdb805a97e364400955cd1757cc282d932b4040a0f78fba3b5f",
    "https://deno.land/std@0.178.0/streams/early_zip_readable_streams.ts": "64828085be5812ec5f4896c10b59f14e5a322b2c0439be9331dde332ae9c91de",
    "https://deno.land/std@0.178.0/streams/iterate_reader.ts": "06491ed8f1bb1c619abbfa04c10b173ff95a93e51fe5037b7c1ad0b5cc01fc7d",
    "https://deno.land/std@0.178.0/streams/limited_bytes_transform_stream.ts": "3bc04143b8b91a923f5ee81a3c618b6606ac7da66ccbcde62a67aaa0375cbc71",
    "https://deno.land/std@0.178.0/streams/limited_transform_stream.ts": "b336f5d649a06e35e2692849e3682a673bb32531738443eb2ce9f57538722f75",
    "https://deno.land/std@0.178.0/streams/merge_readable_streams.ts": "5d6302888f4bb0616dafb5768771be0aec9bedc05fbae6b3d726d05ffbec5b15",
    "https://deno.land/std@0.178.0/streams/mod.ts": "c07ec010e700b9ea887dc36ca08729828bc7912f711e4054e24d33fd46282252",
    "https://deno.land/std@0.178.0/streams/read_all.ts": "bfa220b0e1d06fa4d0cb5178baba8f8b466019a7411511982bfa2320ca292815",
    "https://deno.land/std@0.178.0/streams/readable_stream_from_iterable.ts": "cae337ddafd2abc5e3df699ef2af888ac04091f12732ae658448fba2c7b187e8",
    "https://deno.land/std@0.178.0/streams/readable_stream_from_reader.ts": "9aceaeefa9e04b08f56b2d07272baedc3b6432840b66198d72fa2ada3e6608ea",
    "https://deno.land/std@0.178.0/streams/reader_from_iterable.ts": "05f7759b9336fd4c233d9daadf92aec9a7d2c07a05986da466a935cec2dd79d9",
    "https://deno.land/std@0.178.0/streams/reader_from_stream_reader.ts": "3fda9390ec8520c8a9ea2aba2579208b18880a7663d7a9feec8f193b7af14e41",
    "https://deno.land/std@0.178.0/streams/text_delimiter_stream.ts": "ee216316360366c3744197f5665a066a25e6baa8cfe836fbe9a0033e079e089e",
    "https://deno.land/std@0.178.0/streams/text_line_stream.ts": "a9dd2636c6b90e626e19df26c97034c5f638bdd957cbd5c531d6278fe1d08e90",
    "https://deno.land/std@0.178.0/streams/to_transform_stream.ts": "31c8cce967a2f602be5f164973a5c6cedd4c76e1d2fbc22ae0081b084f73fb0e",
    "https://deno.land/std@0.178.0/streams/writable_stream_from_writer.ts": "0320b759aa343f9f4f58b014fe301d9a7abcbfb8413d260502a885995e6a0776",
    "https://deno.land/std@0.178.0/streams/write_all.ts": "3b2e1ce44913f966348ce353d02fa5369e94115181037cd8b602510853ec3033",
    "https://deno.land/std@0.178.0/streams/writer_from_stream_writer.ts": "31126a6bf2e678c5a718011d4831dbe75dbdbd885965d3dbd5dd105e6f20f976",
    "https://deno.land/std@0.178.0/streams/zip_readable_streams.ts": "9eb82070d83055fe6f077192fb204dc7612695a4b330148e9aa376df1a65e708",
    "https://deno.land/std@0.178.0/types.d.ts": "220ed56662a0bd393ba5d124aa6ae2ad36a00d2fcbc0e8666a65f4606aaa9784",
    "https://deno.land/std@0.53.0/fmt/colors.ts": "ec9d653672a9a3c7b6eafe53c5bc797364a2db2dcf766ab649c1155fea7a80b2",
    "https://deno.land/x/another_cookiejar@v4.0.0/cookie.ts": "be2a1c607671b2acc36206e7531b95613ab01c9e264d022e02630d21557d2f16",
    "https://deno.land/x/another_cookiejar@v4.0.0/cookie_jar.ts": "284044216e8a17df7aa875e86f6a880917e9b91cad1e2f96cfb22bf132cc72c3",
    "https://deno.land/x/another_cookiejar@v4.0.0/fetch_wrapper.ts": "e8db12881097961d00bd8872176ebf59539713c57de4f7bad19f05691b63ef8f",
    "https://deno.land/x/another_cookiejar@v4.0.0/header_utils.ts": "232066fc9fa7a0e2cb93570425b00d6594addb6cb57f077349ac19704f237d1e",
    "https://deno.land/x/another_cookiejar@v4.0.0/mod.ts": "eff949014965771f2cd447fe78625a1ad28b59333afa40640f02c0922534d89a",
    "https://deno.land/x/dotenv@v3.1.0/mod.ts": "4167efa14c671b674ebc59e4857282e4bc2c4472e41b6e3b34a1c317011e4504",
    "https://deno.land/x/dotenv@v3.1.0/util.ts": "693730877b13f8ead2b79b2aa31e2a0652862f7dc0c5f6d2f313f4d39c7b7670",
    "https://deno.land/x/dotenv@v3.2.2/mod.ts": "077b48773de9205266a0b44c3c3a3c3083449ed64bb0b6cc461b95720678d38e",
    "https://deno.land/x/dotenv@v3.2.2/util.ts": "693730877b13f8ead2b79b2aa31e2a0652862f7dc0c5f6d2f313f4d39c7b7670",
    "https://deno.land/x/media_types@v2.12.0/db.ts": "92e5f1735fd5896382e2cc6e94518cb57608777e2ac61c5f7bc1874b50df6f4d",
    "https://deno.land/x/media_types@v2.12.0/mod.ts": "ccbecb6ecf551ca3c7f10011a534ef9e31b931df7c135d08c9469f435ba2e73b",
    "https://deno.land/x/oak@v10.1.1/application.ts": "bceb947599d8987edfeeb796b58b2166d329abff66d5e6f1e5d7b679c1bd96ac",
    "https://deno.land/x/oak@v10.1.1/body.ts": "8759a0c72165e7cbdb3291a5b9ad40e82bed48ec626a12a94a8112aa0c75902e",
    "https://deno.land/x/oak@v10.1.1/buf_reader.ts": "7cf96aa0ac670b75098113cf88a291a68332cc45efa8a9698f064ac5b8098a0f",
    "https://deno.land/x/oak@v10.1.1/content_disposition.ts": "8b8c3cb2fba7138cd5b7f82fc3b5ea39b33db924a824b28261659db7e164621e",
    "https://deno.land/x/oak@v10.1.1/context.ts": "f4213bb06fa1ba0fc8224f4272f288da250912818594df0be2794bf051b7eeb3",
    "https://deno.land/x/oak@v10.1.1/cookies.ts": "97b49571f78ea55d4baf5a9d92e390de67675ad67802a2e0116525e031c97e79",
    "https://deno.land/x/oak@v10.1.1/deps.ts": "51b8aba9ee62bc62dccb1e1da255ddfed63053175750a131b4d78ab1a8617eba",
    "https://deno.land/x/oak@v10.1.1/etag.ts": "2fa4a5060f54eaed3f00d4dabcbd3c30a85cfdd72373e9ea837258f879e9158c",
    "https://deno.land/x/oak@v10.1.1/headers.ts": "9a28c40344e85be0877e192210f89d7de12fa3fc4e9c959f7480f6fc4006fcfe",
    "https://deno.land/x/oak@v10.1.1/helpers.ts": "794ab774c5007ca3a0522e3abd94d33d0dfe6f388ba135d7663ec1e8253a53ff",
    "https://deno.land/x/oak@v10.1.1/httpError.ts": "3fd09d0392f194d825b0093a1a77df6ca9f92ab90ad42b6ca4fe5a4ae660e9a3",
    "https://deno.land/x/oak@v10.1.1/http_server_native.ts": "f2c60f1486255973fab989b5ce2f826fe225c5a59f104fa60f5629063a40d2a0",
    "https://deno.land/x/oak@v10.1.1/isMediaType.ts": "e7457f8c14245a7bb9a3a48000d50e112bb6fcafeab8fd7bcff16363a0cd8687",
    "https://deno.land/x/oak@v10.1.1/keyStack.ts": "8b12aeae8bc053ec141b5f312a8dc7cb0a6947a5b46ea436f324151200326f3f",
    "https://deno.land/x/oak@v10.1.1/mediaTyper.ts": "042b853fc8e9c3f6c628dd389e03ef481552bf07242efc3f8a1af042102a6105",
    "https://deno.land/x/oak@v10.1.1/middleware.ts": "de14f045a2ddfe845d89b5d3140ff52cbcc6f3b3965391106ce04480f9786737",
    "https://deno.land/x/oak@v10.1.1/middleware/proxy.ts": "19903b903323742220842463b96008a57190f768663b4cca3b006907d1df1667",
    "https://deno.land/x/oak@v10.1.1/mod.ts": "678279f5f73bffe9025ba78e509fb558071ace91ece7c486c6ec3a07304ba73b",
    "https://deno.land/x/oak@v10.1.1/multipart.ts": "255365350c34ab78013b34dedcc862414dfb6971f99f7b467d3fd5ee97c2f2ba",
    "https://deno.land/x/oak@v10.1.1/negotiation/charset.ts": "b4c2e0c49dd5122f130f95bf29508448d983c424801b5bc304b00288b5ae3195",
    "https://deno.land/x/oak@v10.1.1/negotiation/common.ts": "f54d599d37408005f8c565d0f6505de51fed31feaa3654a7758e2359c006b02c",
    "https://deno.land/x/oak@v10.1.1/negotiation/encoding.ts": "60eb0fc3df57cc39eaa739e0e9e2cda6c20b3aa429d1a0108f503065f5709bbe",
    "https://deno.land/x/oak@v10.1.1/negotiation/language.ts": "62ef13ea3146538dd52a4666611bd423ebb9a6438e7312398e17a4d16dbafb51",
    "https://deno.land/x/oak@v10.1.1/negotiation/mediaType.ts": "7e25cc34600beea3bf0b0879ff1783c752260fcb517dffea2e122830c36e8451",
    "https://deno.land/x/oak@v10.1.1/range.ts": "2ee5a46eca88d8f9ffd3c49d5e5acdf2bd7a6c774c94fce1e9dc5c93dd9a8bb3",
    "https://deno.land/x/oak@v10.1.1/request.ts": "29effed274a72cd14e265690e3e5d390cc1f12a55a24cf334f81dd926b5b5cad",
    "https://deno.land/x/oak@v10.1.1/response.ts": "178580200018f52b414959b161b77c8757b45dd7edbfc4dfc54f8d00aa1db631",
    "https://deno.land/x/oak@v10.1.1/router.ts": "75a79573168ee0037c8f03f9ad1f0ea0f879b014c1b95ab1b35decc23e32dd90",
    "https://deno.land/x/oak@v10.1.1/send.ts": "6101420ff6d731f61b2eb837698f3ad406f594085311a6dd9c79dbb5bafae085",
    "https://deno.land/x/oak@v10.1.1/server_sent_event.ts": "e80fafbb5cd87eadd8ffa9b29f6b6871738c7ad9838f4ea2223f9c1be11005dc",
    "https://deno.land/x/oak@v10.1.1/structured_clone.ts": "ecf42598652b8082f37252cb873d6e257ad728e6fe73c6bd61f343d94501fbde",
    "https://deno.land/x/oak@v10.1.1/testing.ts": "535c28727c02e98afc229122ba70f9b0fc2cf444ddb6b5b118868103f3ccf09d",
    "https://deno.land/x/oak@v10.1.1/tssCompare.ts": "27f45f507ef21ba7b727b6c66b491543e6e1815c17194bf0b1d7a1ea5ab8027b",
    "https://deno.land/x/oak@v10.1.1/types.d.ts": "dcb8f7fcce66deb485115778e44c4a755b0d9216bc6a89dd5a463a8aa28ff818",
    "https://deno.land/x/oak@v10.1.1/util.ts": "3258084ebe4b9dc6e19bf1351e5519360fdac4fd8db03cc5844b66a058634836",
    "https://deno.land/x/oak@v12.0.0/application.ts": "099e6381ce8e77ad62be05e14d3aa9184ebab7175188bfb3ed9b0882d4af9018",
    "https://deno.land/x/oak@v12.0.0/body.ts": "b802752760d14931f6bafeb742dad3c7880db98a937d1906b15750b437b77a90",
    "https://deno.land/x/oak@v12.0.0/buf_reader.ts": "7cf96aa0ac670b75098113cf88a291a68332cc45efa8a9698f064ac5b8098a0f",
    "https://deno.land/x/oak@v12.0.0/content_disposition.ts": "8b8c3cb2fba7138cd5b7f82fc3b5ea39b33db924a824b28261659db7e164621e",
    "https://deno.land/x/oak@v12.0.0/context.ts": "014d1ce40e62a7901411425541b0d5a08018968a330595bd686f8d00222a35bb",
    "https://deno.land/x/oak@v12.0.0/cookies.ts": "495c6c0410d78268496b5dcdde6dab453002473965dc846e4e805b4db48b8ff0",
    "https://deno.land/x/oak@v12.0.0/deps.ts": "560941f24f802f92315447f43cc345c03b9a1be4f171fa7b287483aa9689bc1b",
    "https://deno.land/x/oak@v12.0.0/etag.ts": "19918f5e1964e3fe6c9fe524a88ffbf9900ce1dfe4146b187b2a86256bb6b663",
    "https://deno.land/x/oak@v12.0.0/headers.ts": "f50fb05614432bda971021633129aa2e8737e0844e0f01c27a937997b4d8dd4f",
    "https://deno.land/x/oak@v12.0.0/helpers.ts": "42212afa07a560b2958359cc19577417e89d9574d6579551a0af36ff7f00cc6e",
    "https://deno.land/x/oak@v12.0.0/http_request.ts": "9f2cc5f4b9e72c5156dd4710875d9f54f992d69ca1a8ad5e0915a773f0e26e8b",
    "https://deno.land/x/oak@v12.0.0/http_server_flash.ts": "6afeb6bfe77a08d99b205ebf09d18c98b4050ce9cbc66e24be1fba6e46bc7a4f",
    "https://deno.land/x/oak@v12.0.0/http_server_native.ts": "0141e1339ed9a33bc26ce537ddab5adbb3542b35916d92de286aed4937e4a6d6",
    "https://deno.land/x/oak@v12.0.0/http_server_native_request.ts": "be315d476550e149c58d7ccd2812be30f373ceedc9c323c300eef03b7c071aa9",
    "https://deno.land/x/oak@v12.0.0/isMediaType.ts": "62d638abcf837ece3a8f07a4b7ca59794135cb0d4b73194c7d5837efd4161005",
    "https://deno.land/x/oak@v12.0.0/keyStack.ts": "fa0d5898fb8ba34de1c9cdcf4b2e8434952dc9931671858d33560368784a22ef",
    "https://deno.land/x/oak@v12.0.0/mediaTyper.ts": "042b853fc8e9c3f6c628dd389e03ef481552bf07242efc3f8a1af042102a6105",
    "https://deno.land/x/oak@v12.0.0/middleware.ts": "de14f045a2ddfe845d89b5d3140ff52cbcc6f3b3965391106ce04480f9786737",
    "https://deno.land/x/oak@v12.0.0/middleware/proxy.ts": "b927232f97ec18af4185d7912e45b1191e3ffe24a9c875262ad524211b1274c9",
    "https://deno.land/x/oak@v12.0.0/mod.ts": "de52855c8f626e30ba683fb265c0a0773ba2f5f117b3549b7d9c857edba58338",
    "https://deno.land/x/oak@v12.0.0/multipart.ts": "98fe9f226de8c26a16d067027b69fb1e34ad8c4055767dd157907d06cea36f9a",
    "https://deno.land/x/oak@v12.0.0/range.ts": "68a6df7ab3b868843e33f52deb94c3d4cab25cb9ef369691990c2ac15b04fafb",
    "https://deno.land/x/oak@v12.0.0/request.ts": "5852ad36389b48e0428a6f3c90854d01f10d1b15949b56001e1e75c2a00ef0f9",
    "https://deno.land/x/oak@v12.0.0/response.ts": "867d81f7eb0c65c7b8e0e0e9e145ededd5b6daa9ad922e6adc6a36a525f439a6",
    "https://deno.land/x/oak@v12.0.0/router.ts": "5b266091e55f634c9130e6de5dd331ddfc4c190ee7916a25e0a0f75502edbc32",
    "https://deno.land/x/oak@v12.0.0/send.ts": "7ef2591792426d62add91536bb434566d4b224247ca343fdd63e486f9d4e9446",
    "https://deno.land/x/oak@v12.0.0/server_sent_event.ts": "948b0fe4cb3fe38c7db15e476eb3b7671ef20e566d130e9f701d7c0146aa47dd",
    "https://deno.land/x/oak@v12.0.0/structured_clone.ts": "9c2d21c62f616400305a60cbd29eb06764ee97edc423223424b6cf55df0e8be2",
    "https://deno.land/x/oak@v12.0.0/testing.ts": "7612656efd2975f7a2e6848609f5971922dbec46b76372c5c623202fdd7b9a85",
    "https://deno.land/x/oak@v12.0.0/types.d.ts": "41951a18c3bfdb11e40707cab75da078ba8a4907cd7d4e11d8536bc2db0dde05",
    "https://deno.land/x/oak@v12.0.0/util.ts": "3af8c4ed04c6cc2bedbe66e562a77fc59c72df31c55a902a63885861ca1639d6",
    "https://deno.land/x/oak_logger@1.0.0/mod.ts": "10253fd9517a71d3c0771fcf2d9bd9297874160794d470597afce4102b0d51b3",
    "https://deno.land/x/path_to_regexp@v6.2.0/index.ts": "e94c04a44bbecac99ff2db2d831afe98b423e627b775cb57fc7935f848c64c51",
    "https://deno.land/x/path_to_regexp@v6.2.1/index.ts": "894060567837bae8fc9c5cbd4d0a05e9024672083d5883b525c031eea940e556",
    "https://deno.land/x/validasaur@v0.15.0/mod.ts": "0753bce6aa757a1dbc59592ad54e36cba97cd6588e777183cc5cee35b37261a8",
    "https://deno.land/x/validasaur@v0.15.0/src/interfaces.ts": "81f30c34b563f08b384b39fc91a2eef2a81c5c3445e380a1229ea92f400bd410",
    "https://deno.land/x/validasaur@v0.15.0/src/messages.ts": "00b32752737e973e9b6dd4a90ec0a066fe5af48a592c348ce05da093be90869b",
    "https://deno.land/x/validasaur@v0.15.0/src/rules.ts": "bda84df706e25957dfe66d19cb291ad0ff3a6bf32a4ae5fec6613d02f0b460d7",
    "https://deno.land/x/validasaur@v0.15.0/src/rules/date_after.ts": "87372bfba74286f53b786cbef37db7e4d68ececfedbbeb1a03313a70816c1767",
    "https://deno.land/x/validasaur@v0.15.0/src/rules/date_after_or_equal.ts": "8765337c31a14c11df5cf9db765c375079919e31f14509dd49ca013b9868e2d3",
    "https://deno.land/x/validasaur@v0.15.0/src/rules/date_before.ts": "c654a5c0f03898a8324824187dcccbe0fc8b4ef85192a2e506a33b02b99af921",
    "https://deno.land/x/validasaur@v0.15.0/src/rules/date_before_or_equal.ts": "dddccf6359e75e9ef8bfff41d6b4e461b85301c19169d02e8953072c9caa52b0",
    "https://deno.land/x/validasaur@v0.15.0/src/rules/date_between.ts": "266c75ddb288327cba2e38a60ff768fec12d9a620302408ce91aa96b3331b9e0",
    "https://deno.land/x/validasaur@v0.15.0/src/rules/either.ts": "3297f3c9fe19dec5fc86a5f8d1f0b0a5930c357e2c4a4ca6a74dcac74c0c2c05",
    "https://deno.land/x/validasaur@v0.15.0/src/rules/ends_with.ts": "eee020606b025ba9a5a1df5ae271a7a323448495e6dc5382e141b364e040ee61",
    "https://deno.land/x/validasaur@v0.15.0/src/rules/is_array.ts": "0affcc5a12d7d324fd9ffbe2a8a336207e2c63d0e2d76dda7dfdb96eaa2c415f",
    "https://deno.land/x/validasaur@v0.15.0/src/rules/is_bool.ts": "8985e7675336ced7795f1f77c181c0eef060e6628d4483717fa634bd0ee53ab8",
    "https://deno.land/x/validasaur@v0.15.0/src/rules/is_date.ts": "7a08c19d2d8c115638acf4f8abd7918b35025cb9ba84228dec27594cc50028df",
    "https://deno.land/x/validasaur@v0.15.0/src/rules/is_email.ts": "7aa152067da0326fab08d6facef6ab42ab5979016582609d0792719372fafe8c",
    "https://deno.land/x/validasaur@v0.15.0/src/rules/is_float.ts": "3a700eabab6e85708e62be0f6b5f36e675fe2a10a367def8d5d436e2ad627bd8",
    "https://deno.land/x/validasaur@v0.15.0/src/rules/is_in.ts": "f012257894012dc2b417da16d61f771ccfbfc5cadc0c9fd5a2c531457f54af94",
    "https://deno.land/x/validasaur@v0.15.0/src/rules/is_int.ts": "720a8651658223363d3667eb7b131e39ce66c6b33474dc2e615ae7751edd49dc",
    "https://deno.land/x/validasaur@v0.15.0/src/rules/is_ipv4.ts": "97eab075f507abf527330f383ca7f19e9ae03e9cd31a9ee91a032a12b5d43f67",
    "https://deno.land/x/validasaur@v0.15.0/src/rules/is_ipv6.ts": "27ef5b36ebb9a4e4b2ad99b670b56c82b3620cccef81db9ddaf5160fc98b9663",
    "https://deno.land/x/validasaur@v0.15.0/src/rules/is_number.ts": "052caf27f1ba864355988788e76e1fdaebb2c213f4ca70e18959d4ab76a2e796",
    "https://deno.land/x/validasaur@v0.15.0/src/rules/is_numeric.ts": "1c7150d7ef72e7ec07fd1901c705d097bf6e42785bf552e3e45a6915a6518cb0",
    "https://deno.land/x/validasaur@v0.15.0/src/rules/is_string.ts": "f1e746ff82a528757e9aa29a359592164f5c1281c672d3bd3af79c60f940015a",
    "https://deno.land/x/validasaur@v0.15.0/src/rules/length_between.ts": "172ccec9a48764cc4a5e1bab73631d11376ea9b198b36d2be0fb9c332a85af59",
    "https://deno.land/x/validasaur@v0.15.0/src/rules/match.ts": "f77dce3bb91accda34cce8902ece104153dff0f0a567290560dcb6eae061299c",
    "https://deno.land/x/validasaur@v0.15.0/src/rules/max_length.ts": "4190065445d0765f3eb4e4489417899b45933f3104ab8a4b431faa652844b560",
    "https://deno.land/x/validasaur@v0.15.0/src/rules/max_number.ts": "983ac1b43fc58a5cab2ae0fc45e482322f0235daaeeb4c3d7a2222c4737bbf63",
    "https://deno.land/x/validasaur@v0.15.0/src/rules/min_length.ts": "684929b65f6d46aa13b317d732d0f5077f4e88eb888216ceef33bc7fdccd6f24",
    "https://deno.land/x/validasaur@v0.15.0/src/rules/min_number.ts": "3360d7ec8b191633bfab9ce17c9d24b7eeb31a1f791e5fb6b9fedf3af50435e0",
    "https://deno.land/x/validasaur@v0.15.0/src/rules/not_in.ts": "a796f33f12887f3881f235380b2ef0f7d2cf67dc21a0b3cc492f49051c60af5a",
    "https://deno.land/x/validasaur@v0.15.0/src/rules/not_null.ts": "ae57aab9e0ff7818ba214061032d2918e3d1900c1bfc492edfd2c0817af11e8b",
    "https://deno.land/x/validasaur@v0.15.0/src/rules/nullable.ts": "b7b4f9a3c9d3dc6aff89bc3acaf8f6507ba512de0607868bcdbb2788d5fae804",
    "https://deno.land/x/validasaur@v0.15.0/src/rules/number_between.ts": "171037b8f785eeea6b1dd22dc5c6000bffd46912a09e0325d1ca7f341a5a4591",
    "https://deno.land/x/validasaur@v0.15.0/src/rules/required.ts": "3ae87569f301b07f48f4e1c32b37274e3084d92035f6eeca2ad3e8fdf7c2f63b",
    "https://deno.land/x/validasaur@v0.15.0/src/rules/required_if.ts": "7e37332fa5a23a1558aae4867a8484b2b413c1a7ad2f90b5424ab8631046f2e2",
    "https://deno.land/x/validasaur@v0.15.0/src/rules/required_unless.ts": "0d6af590b9e9c34147a02fe206cb94fa1e3c3fcd251fa19ae973b153b256162c",
    "https://deno.land/x/validasaur@v0.15.0/src/rules/required_when.ts": "caf2c3d5937672309d7d690198ee1a1e3fb244d17563d02e1fbaae1bc2497774",
    "https://deno.land/x/validasaur@v0.15.0/src/rules/starts_with.ts": "31b92152ce9cb650ba7ded96f4969e6626e11d7007ab286edb1b5a0f35a71e71",
    "https://deno.land/x/validasaur@v0.15.0/src/rules/validate_array.ts": "9a74d748cc8a1d59aa5edd2fcade452bc701c3c48b366164b9216ffaf9ed3331",
    "https://deno.land/x/validasaur@v0.15.0/src/rules/validate_object.ts": "396ee422f35295ee1f96a7937bcaed07cb580480502782b73554b1c92f908235",
    "https://deno.land/x/validasaur@v0.15.0/src/types.ts": "b7dec9b9f89b2fcb9984f8082a379174495e4d009743320f714cfb4ad9296cbe",
    "https://deno.land/x/validasaur@v0.15.0/src/utils.ts": "7a6b8d2a320288890e931aa89baaaffa931bc3eabf118eac968d82f118021b50",
    "https://deno.land/x/validasaur@v0.15.0/src/validate.ts": "d3b021e3aa982de4d03981459f4622a7438d9d3fd213cf27deb193e4c3012dfa"
  }
}
